
Microsoft Visual Studio Solution File, Format Version 12.00
# Visual Studio Version 17
VisualStudioVersion = 17.12.35527.113 d17.12
MinimumVisualStudioVersion = 10.0.40219.1
Project("{B1E792BE-AA5F-4E3C-8C82-674BF9C0715B}") = "SysManAutomation", "SysManAutomation.tsproj", "{81641F9E-5815-42B8-974E-2EFD7EA43FDE}"
EndProject
Project("{FAE04EC0-301F-11D3-BF4B-00C04F79EFBC}") = "ConsoleApp", "ConsoleApp\ConsoleApp.csproj", "{023E7782-0E47-41E3-8E86-9AE0E92FE0F5}"
EndProject
Global
	GlobalSection(SolutionConfigurationPlatforms) = preSolution
		Debug|Any CPU = Debug|Any CPU
		Debug|TwinCAT OS (ARMV7-A) = Debug|TwinCAT OS (ARMV7-A)
		Debug|TwinCAT OS (ARMV7-M) = Debug|TwinCAT OS (ARMV7-M)
		Debug|TwinCAT OS (ARMV8-A) = Debug|TwinCAT OS (ARMV8-A)
		Debug|TwinCAT OS (x64) = Debug|TwinCAT OS (x64)
		Debug|TwinCAT OS (x64-E) = Debug|TwinCAT OS (x64-E)
		Debug|TwinCAT RT (x64) = Debug|TwinCAT RT (x64)
		Debug|TwinCAT RT (x86) = Debug|TwinCAT RT (x86)
		Release|Any CPU = Release|Any CPU
		Release|TwinCAT OS (ARMV7-A) = Release|TwinCAT OS (ARMV7-A)
		Release|TwinCAT OS (ARMV7-M) = Release|TwinCAT OS (ARMV7-M)
		Release|TwinCAT OS (ARMV8-A) = Release|TwinCAT OS (ARMV8-A)
		Release|TwinCAT OS (x64) = Release|TwinCAT OS (x64)
		Release|TwinCAT OS (x64-E) = Release|TwinCAT OS (x64-E)
		Release|TwinCAT RT (x64) = Release|TwinCAT RT (x64)
		Release|TwinCAT RT (x86) = Release|TwinCAT RT (x86)
	EndGlobalSection
	GlobalSection(ProjectConfigurationPlatforms) = postSolution
		{81641F9E-5815-42B8-974E-2EFD7EA43FDE}.Debug|Any CPU.ActiveCfg = Debug|TwinCAT RT (x64)
		{81641F9E-5815-42B8-974E-2EFD7EA43FDE}.Debug|Any CPU.Build.0 = Debug|TwinCAT RT (x64)
		{81641F9E-5815-42B8-974E-2EFD7EA43FDE}.Debug|TwinCAT OS (ARMV7-A).ActiveCfg = Debug|TwinCAT OS (ARMV7-A)
		{81641F9E-5815-42B8-974E-2EFD7EA43FDE}.Debug|TwinCAT OS (ARMV7-A).Build.0 = Debug|TwinCAT OS (ARMV7-A)
		{81641F9E-5815-42B8-974E-2EFD7EA43FDE}.Debug|TwinCAT OS (ARMV7-M).ActiveCfg = Debug|TwinCAT OS (ARMV7-M)
		{81641F9E-5815-42B8-974E-2EFD7EA43FDE}.Debug|TwinCAT OS (ARMV7-M).Build.0 = Debug|TwinCAT OS (ARMV7-M)
		{81641F9E-5815-42B8-974E-2EFD7EA43FDE}.Debug|TwinCAT OS (ARMV8-A).ActiveCfg = Debug|TwinCAT OS (ARMV8-A)
		{81641F9E-5815-42B8-974E-2EFD7EA43FDE}.Debug|TwinCAT OS (ARMV8-A).Build.0 = Debug|TwinCAT OS (ARMV8-A)
		{81641F9E-5815-42B8-974E-2EFD7EA43FDE}.Debug|TwinCAT OS (x64).ActiveCfg = Debug|TwinCAT OS (x64)
		{81641F9E-5815-42B8-974E-2EFD7EA43FDE}.Debug|TwinCAT OS (x64).Build.0 = Debug|TwinCAT OS (x64)
		{81641F9E-5815-42B8-974E-2EFD7EA43FDE}.Debug|TwinCAT OS (x64-E).ActiveCfg = Debug|TwinCAT OS (x64-E)
		{81641F9E-5815-42B8-974E-2EFD7EA43FDE}.Debug|TwinCAT OS (x64-E).Build.0 = Debug|TwinCAT OS (x64-E)
		{81641F9E-5815-42B8-974E-2EFD7EA43FDE}.Debug|TwinCAT RT (x64).ActiveCfg = Debug|TwinCAT RT (x64)
		{81641F9E-5815-42B8-974E-2EFD7EA43FDE}.Debug|TwinCAT RT (x64).Build.0 = Debug|TwinCAT RT (x64)
		{81641F9E-5815-42B8-974E-2EFD7EA43FDE}.Debug|TwinCAT RT (x86).ActiveCfg = Debug|TwinCAT RT (x86)
		{81641F9E-5815-42B8-974E-2EFD7EA43FDE}.Debug|TwinCAT RT (x86).Build.0 = Debug|TwinCAT RT (x86)
		{81641F9E-5815-42B8-974E-2EFD7EA43FDE}.Release|Any CPU.ActiveCfg = Release|TwinCAT RT (x64)
		{81641F9E-5815-42B8-974E-2EFD7EA43FDE}.Release|Any CPU.Build.0 = Release|TwinCAT RT (x64)
		{81641F9E-5815-42B8-974E-2EFD7EA43FDE}.Release|TwinCAT OS (ARMV7-A).ActiveCfg = Release|TwinCAT OS (ARMV7-A)
		{81641F9E-5815-42B8-974E-2EFD7EA43FDE}.Release|TwinCAT OS (ARMV7-A).Build.0 = Release|TwinCAT OS (ARMV7-A)
		{81641F9E-5815-42B8-974E-2EFD7EA43FDE}.Release|TwinCAT OS (ARMV7-M).ActiveCfg = Release|TwinCAT OS (ARMV7-M)
		{81641F9E-5815-42B8-974E-2EFD7EA43FDE}.Release|TwinCAT OS (ARMV7-M).Build.0 = Release|TwinCAT OS (ARMV7-M)
		{81641F9E-5815-42B8-974E-2EFD7EA43FDE}.Release|TwinCAT OS (ARMV8-A).ActiveCfg = Release|TwinCAT OS (ARMV8-A)
		{81641F9E-5815-42B8-974E-2EFD7EA43FDE}.Release|TwinCAT OS (ARMV8-A).Build.0 = Release|TwinCAT OS (ARMV8-A)
		{81641F9E-5815-42B8-974E-2EFD7EA43FDE}.Release|TwinCAT OS (x64).ActiveCfg = Release|TwinCAT OS (x64)
		{81641F9E-5815-42B8-974E-2EFD7EA43FDE}.Release|TwinCAT OS (x64).Build.0 = Release|TwinCAT OS (x64)
		{81641F9E-5815-42B8-974E-2EFD7EA43FDE}.Release|TwinCAT OS (x64-E).ActiveCfg = Release|TwinCAT OS (x64-E)
		{81641F9E-5815-42B8-974E-2EFD7EA43FDE}.Release|TwinCAT OS (x64-E).Build.0 = Release|TwinCAT OS (x64-E)
		{81641F9E-5815-42B8-974E-2EFD7EA43FDE}.Release|TwinCAT RT (x64).ActiveCfg = Release|TwinCAT RT (x64)
		{81641F9E-5815-42B8-974E-2EFD7EA43FDE}.Release|TwinCAT RT (x64).Build.0 = Release|TwinCAT RT (x64)
		{81641F9E-5815-42B8-974E-2EFD7EA43FDE}.Release|TwinCAT RT (x86).ActiveCfg = Release|TwinCAT RT (x86)
		{81641F9E-5815-42B8-974E-2EFD7EA43FDE}.Release|TwinCAT RT (x86).Build.0 = Release|TwinCAT RT (x86)
		{DD405781-9C92-4F9E-B193-C778B1CB7173}.Debug|Any CPU.ActiveCfg = Debug|TwinCAT RT (x64)
		{DD405781-9C92-4F9E-B193-C778B1CB7173}.Debug|Any CPU.Build.0 = Debug|TwinCAT RT (x64)
		{DD405781-9C92-4F9E-B193-C778B1CB7173}.Debug|TwinCAT OS (ARMV7-A).ActiveCfg = Debug|TwinCAT OS (ARMV7-A)
		{DD405781-9C92-4F9E-B193-C778B1CB7173}.Debug|TwinCAT OS (ARMV7-A).Build.0 = Debug|TwinCAT OS (ARMV7-A)
		{DD405781-9C92-4F9E-B193-C778B1CB7173}.Debug|TwinCAT OS (ARMV7-M).ActiveCfg = Debug|TwinCAT OS (ARMV7-M)
		{DD405781-9C92-4F9E-B193-C778B1CB7173}.Debug|TwinCAT OS (ARMV7-M).Build.0 = Debug|TwinCAT OS (ARMV7-M)
		{DD405781-9C92-4F9E-B193-C778B1CB7173}.Debug|TwinCAT OS (ARMV8-A).ActiveCfg = Debug|TwinCAT OS (ARMV8-A)
		{DD405781-9C92-4F9E-B193-C778B1CB7173}.Debug|TwinCAT OS (ARMV8-A).Build.0 = Debug|TwinCAT OS (ARMV8-A)
		{DD405781-9C92-4F9E-B193-C778B1CB7173}.Debug|TwinCAT OS (x64).ActiveCfg = Debug|TwinCAT OS (x64)
		{DD405781-9C92-4F9E-B193-C778B1CB7173}.Debug|TwinCAT OS (x64).Build.0 = Debug|TwinCAT OS (x64)
		{DD405781-9C92-4F9E-B193-C778B1CB7173}.Debug|TwinCAT OS (x64-E).ActiveCfg = Debug|TwinCAT OS (x64-E)
		{DD405781-9C92-4F9E-B193-C778B1CB7173}.Debug|TwinCAT OS (x64-E).Build.0 = Debug|TwinCAT OS (x64-E)
		{DD405781-9C92-4F9E-B193-C778B1CB7173}.Debug|TwinCAT RT (x64).ActiveCfg = Debug|TwinCAT RT (x64)
		{DD405781-9C92-4F9E-B193-C778B1CB7173}.Debug|TwinCAT RT (x64).Build.0 = Debug|TwinCAT RT (x64)
		{DD405781-9C92-4F9E-B193-C778B1CB7173}.Debug|TwinCAT RT (x86).ActiveCfg = Debug|TwinCAT RT (x86)
		{DD405781-9C92-4F9E-B193-C778B1CB7173}.Debug|TwinCAT RT (x86).Build.0 = Debug|TwinCAT RT (x86)
		{DD405781-9C92-4F9E-B193-C778B1CB7173}.Release|Any CPU.ActiveCfg = Release|TwinCAT RT (x64)
		{DD405781-9C92-4F9E-B193-C778B1CB7173}.Release|Any CPU.Build.0 = Release|TwinCAT RT (x64)
		{DD405781-9C92-4F9E-B193-C778B1CB7173}.Release|TwinCAT OS (ARMV7-A).ActiveCfg = Release|TwinCAT OS (ARMV7-A)
		{DD405781-9C92-4F9E-B193-C778B1CB7173}.Release|TwinCAT OS (ARMV7-A).Build.0 = Release|TwinCAT OS (ARMV7-A)
		{DD405781-9C92-4F9E-B193-C778B1CB7173}.Release|TwinCAT OS (ARMV7-M).ActiveCfg = Release|TwinCAT OS (ARMV7-M)
		{DD405781-9C92-4F9E-B193-C778B1CB7173}.Release|TwinCAT OS (ARMV7-M).Build.0 = Release|TwinCAT OS (ARMV7-M)
		{DD405781-9C92-4F9E-B193-C778B1CB7173}.Release|TwinCAT OS (ARMV8-A).ActiveCfg = Release|TwinCAT OS (ARMV8-A)
		{DD405781-9C92-4F9E-B193-C778B1CB7173}.Release|TwinCAT OS (ARMV8-A).Build.0 = Release|TwinCAT OS (ARMV8-A)
		{DD405781-9C92-4F9E-B193-C778B1CB7173}.Release|TwinCAT OS (x64).ActiveCfg = Release|TwinCAT OS (x64)
		{DD405781-9C92-4F9E-B193-C778B1CB7173}.Release|TwinCAT OS (x64).Build.0 = Release|TwinCAT OS (x64)
		{DD405781-9C92-4F9E-B193-C778B1CB7173}.Release|TwinCAT OS (x64-E).ActiveCfg = Release|TwinCAT OS (x64-E)
		{DD405781-9C92-4F9E-B193-C778B1CB7173}.Release|TwinCAT OS (x64-E).Build.0 = Release|TwinCAT OS (x64-E)
		{DD405781-9C92-4F9E-B193-C778B1CB7173}.Release|TwinCAT RT (x64).ActiveCfg = Release|TwinCAT RT (x64)
		{DD405781-9C92-4F9E-B193-C778B1CB7173}.Release|TwinCAT RT (x64).Build.0 = Release|TwinCAT RT (x64)
		{DD405781-9C92-4F9E-B193-C778B1CB7173}.Release|TwinCAT RT (x86).ActiveCfg = Release|TwinCAT RT (x86)
		{DD405781-9C92-4F9E-B193-C778B1CB7173}.Release|TwinCAT RT (x86).Build.0 = Release|TwinCAT RT (x86)
		{023E7782-0E47-41E3-8E86-9AE0E92FE0F5}.Debug|Any CPU.ActiveCfg = Debug|Any CPU
		{023E7782-0E47-41E3-8E86-9AE0E92FE0F5}.Debug|Any CPU.Build.0 = Debug|Any CPU
		{023E7782-0E47-41E3-8E86-9AE0E92FE0F5}.Debug|TwinCAT OS (ARMV7-A).ActiveCfg = Debug|Any CPU
		{023E7782-0E47-41E3-8E86-9AE0E92FE0F5}.Debug|TwinCAT OS (ARMV7-A).Build.0 = Debug|Any CPU
		{023E7782-0E47-41E3-8E86-9AE0E92FE0F5}.Debug|TwinCAT OS (ARMV7-M).ActiveCfg = Debug|Any CPU
		{023E7782-0E47-41E3-8E86-9AE0E92FE0F5}.Debug|TwinCAT OS (ARMV7-M).Build.0 = Debug|Any CPU
		{023E7782-0E47-41E3-8E86-9AE0E92FE0F5}.Debug|TwinCAT OS (ARMV8-A).ActiveCfg = Debug|Any CPU
		{023E7782-0E47-41E3-8E86-9AE0E92FE0F5}.Debug|TwinCAT OS (ARMV8-A).Build.0 = Debug|Any CPU
		{023E7782-0E47-41E3-8E86-9AE0E92FE0F5}.Debug|TwinCAT OS (x64).ActiveCfg = Debug|Any CPU
		{023E7782-0E47-41E3-8E86-9AE0E92FE0F5}.Debug|TwinCAT OS (x64).Build.0 = Debug|Any CPU
		{023E7782-0E47-41E3-8E86-9AE0E92FE0F5}.Debug|TwinCAT OS (x64-E).ActiveCfg = Debug|Any CPU
		{023E7782-0E47-41E3-8E86-9AE0E92FE0F5}.Debug|TwinCAT OS (x64-E).Build.0 = Debug|Any CPU
		{023E7782-0E47-41E3-8E86-9AE0E92FE0F5}.Debug|TwinCAT RT (x64).ActiveCfg = Debug|Any CPU
		{023E7782-0E47-41E3-8E86-9AE0E92FE0F5}.Debug|TwinCAT RT (x64).Build.0 = Debug|Any CPU
		{023E7782-0E47-41E3-8E86-9AE0E92FE0F5}.Debug|TwinCAT RT (x86).ActiveCfg = Debug|Any CPU
		{023E7782-0E47-41E3-8E86-9AE0E92FE0F5}.Debug|TwinCAT RT (x86).Build.0 = Debug|Any CPU
		{023E7782-0E47-41E3-8E86-9AE0E92FE0F5}.Release|Any CPU.ActiveCfg = Release|Any CPU
		{023E7782-0E47-41E3-8E86-9AE0E92FE0F5}.Release|Any CPU.Build.0 = Release|Any CPU
		{023E7782-0E47-41E3-8E86-9AE0E92FE0F5}.Release|TwinCAT OS (ARMV7-A).ActiveCfg = Release|Any CPU
		{023E7782-0E47-41E3-8E86-9AE0E92FE0F5}.Release|TwinCAT OS (ARMV7-A).Build.0 = Release|Any CPU
		{023E7782-0E47-41E3-8E86-9AE0E92FE0F5}.Release|TwinCAT OS (ARMV7-M).ActiveCfg = Release|Any CPU
		{023E7782-0E47-41E3-8E86-9AE0E92FE0F5}.Release|TwinCAT OS (ARMV7-M).Build.0 = Release|Any CPU
		{023E7782-0E47-41E3-8E86-9AE0E92FE0F5}.Release|TwinCAT OS (ARMV8-A).ActiveCfg = Release|Any CPU
		{023E7782-0E47-41E3-8E86-9AE0E92FE0F5}.Release|TwinCAT OS (ARMV8-A).Build.0 = Release|Any CPU
		{023E7782-0E47-41E3-8E86-9AE0E92FE0F5}.Release|TwinCAT OS (x64).ActiveCfg = Release|Any CPU
		{023E7782-0E47-41E3-8E86-9AE0E92FE0F5}.Release|TwinCAT OS (x64).Build.0 = Release|Any CPU
		{023E7782-0E47-41E3-8E86-9AE0E92FE0F5}.Release|TwinCAT OS (x64-E).ActiveCfg = Release|Any CPU
		{023E7782-0E47-41E3-8E86-9AE0E92FE0F5}.Release|TwinCAT OS (x64-E).Build.0 = Release|Any CPU
		{023E7782-0E47-41E3-8E86-9AE0E92FE0F5}.Release|TwinCAT RT (x64).ActiveCfg = Release|Any CPU
		{023E7782-0E47-41E3-8E86-9AE0E92FE0F5}.Release|TwinCAT RT (x64).Build.0 = Release|Any CPU
		{023E7782-0E47-41E3-8E86-9AE0E92FE0F5}.Release|TwinCAT RT (x86).ActiveCfg = Release|Any CPU
		{023E7782-0E47-41E3-8E86-9AE0E92FE0F5}.Release|TwinCAT RT (x86).Build.0 = Release|Any CPU
	EndGlobalSection
	GlobalSection(SolutionProperties) = preSolution
		HideSolutionNode = FALSE
	EndGlobalSection
EndGlobal
